// !$*UTF8*$!
{
	archiveVersion = 1;
	classes = {
	};
	objectVersion = 52;
	objects = {

/* Begin PBXBuildFile section */
		9F08B65E268B4A1E008F20B1 /* OnboardingView.swift in Sources */ = {isa = PBXBuildFile; fileRef = 9F08B65D268B4A1E008F20B1 /* OnboardingView.swift */; };
		9F08B660268B4C60008F20B1 /* DetailsView.swift in Sources */ = {isa = PBXBuildFile; fileRef = 9F08B65F268B4C60008F20B1 /* DetailsView.swift */; };
		9F08B662268B4C75008F20B1 /* ReadsCountView.swift in Sources */ = {isa = PBXBuildFile; fileRef = 9F08B661268B4C75008F20B1 /* ReadsCountView.swift */; };
		9F0ABF3825EA22E400742A36 /* MantraCell.swift in Sources */ = {isa = PBXBuildFile; fileRef = 9F0ABF3725EA22E400742A36 /* MantraCell.swift */; };
		9F0BDAED26B2D8A30079FE48 /* FirstSwitchDisplayMode.swift in Sources */ = {isa = PBXBuildFile; fileRef = 9F0BDAEC26B2D8A30079FE48 /* FirstSwitchDisplayMode.swift */; };
		9F0BDAF026BAC9DF0079FE48 /* ReadsCountViewControllerState.swift in Sources */ = {isa = PBXBuildFile; fileRef = 9F0BDAEF26BAC9DF0079FE48 /* ReadsCountViewControllerState.swift */; };
		9F0BDAF226BACA290079FE48 /* DisplaySystemBehaviorState.swift in Sources */ = {isa = PBXBuildFile; fileRef = 9F0BDAF126BACA290079FE48 /* DisplaySystemBehaviorState.swift */; };
		9F0BDAF426BACB7B0079FE48 /* AlwaysOnDisplayState.swift in Sources */ = {isa = PBXBuildFile; fileRef = 9F0BDAF326BACB7B0079FE48 /* AlwaysOnDisplayState.swift */; };
		9F1769FA262EECAE00E3FCA3 /* PreloadedMantrasDueToNoInternetConnection.swift in Sources */ = {isa = PBXBuildFile; fileRef = 9F1769F2262EE13A00E3FCA3 /* PreloadedMantrasDueToNoInternetConnection.swift */; };
		9F22713A26348AA2001F92BD /* UIImage+ResizeUIImage.swift in Sources */ = {isa = PBXBuildFile; fileRef = 9F22713726348A3F001F92BD /* UIImage+ResizeUIImage.swift */; };
		9F22713F26348E4A001F92BD /* UIImage+CropToCircleUIImage.swift in Sources */ = {isa = PBXBuildFile; fileRef = 9F5FE6B824E9B6E500D0475E /* UIImage+CropToCircleUIImage.swift */; };
		9F2362F626D3C8BA00F11D80 /* DataBaseManager.swift in Sources */ = {isa = PBXBuildFile; fileRef = 9F2362F526D3C8BA00F11D80 /* DataBaseManager.swift */; };
		9F2715B025B83D92002A98FD /* CloudKit.framework in Frameworks */ = {isa = PBXBuildFile; fileRef = 9F2715AF25B83D92002A98FD /* CloudKit.framework */; };
		9F293E3B2575503000B7B1C7 /* SetPhotoButton.swift in Sources */ = {isa = PBXBuildFile; fileRef = 9F293E3A2575503000B7B1C7 /* SetPhotoButton.swift */; };
		9F2B1EC126077AF200D999CB /* NoImageAlert.swift in Sources */ = {isa = PBXBuildFile; fileRef = 9F2B1EC026077AF200D999CB /* NoImageAlert.swift */; };
		9F2B1EC826077CC300D999CB /* AddTitleAlert.swift in Sources */ = {isa = PBXBuildFile; fileRef = 9FCA5CAA259363E2002E1D25 /* AddTitleAlert.swift */; };
		9F2B1EEA26079CF100D999CB /* SmallWidgetView.swift in Sources */ = {isa = PBXBuildFile; fileRef = 9F2B1EE226079C4300D999CB /* SmallWidgetView.swift */; };
		9F2B1EEE26079D3B00D999CB /* MediumWidgetView.swift in Sources */ = {isa = PBXBuildFile; fileRef = 9F2B1EED26079D3B00D999CB /* MediumWidgetView.swift */; };
		9F2B1EF226079D7900D999CB /* LargeWidgetView.swift in Sources */ = {isa = PBXBuildFile; fileRef = 9F2B1EF126079D7900D999CB /* LargeWidgetView.swift */; };
		9F35BCC92731B17A00EE1943 /* String+NumberValidation.swift in Sources */ = {isa = PBXBuildFile; fileRef = 9F35BCC82731B17A00EE1943 /* String+NumberValidation.swift */; };
		9F3766112513C5B9007E6BED /* Int+FormattedNumber.swift in Sources */ = {isa = PBXBuildFile; fileRef = 9F3766102513C5B9007E6BED /* Int+FormattedNumber.swift */; };
		9F3B1C032538F50200BEE838 /* UIFont+RoundedSystemFont.swift in Sources */ = {isa = PBXBuildFile; fileRef = 9F3B1C022538F50200BEE838 /* UIFont+RoundedSystemFont.swift */; };
		9F3B62A32578E00D00B4F5E4 /* TextViewWithPlaceholder.swift in Sources */ = {isa = PBXBuildFile; fileRef = 9F3B62952578DAD200B4F5E4 /* TextViewWithPlaceholder.swift */; };
		9F3B62A72578E51E00B4F5E4 /* AdjustReadsButton.swift in Sources */ = {isa = PBXBuildFile; fileRef = 9F3B627425781A6F00B4F5E4 /* AdjustReadsButton.swift */; };
		9F3B62D2257CFFF800B4F5E4 /* OnboardingViewController.swift in Sources */ = {isa = PBXBuildFile; fileRef = 9F3B62D1257CFFF800B4F5E4 /* OnboardingViewController.swift */; };
		9F5FE68424E7141400D0475E /* AppDelegate.swift in Sources */ = {isa = PBXBuildFile; fileRef = 9F5FE68324E7141400D0475E /* AppDelegate.swift */; };
		9F5FE68624E7141400D0475E /* SceneDelegate.swift in Sources */ = {isa = PBXBuildFile; fileRef = 9F5FE68524E7141400D0475E /* SceneDelegate.swift */; };
		9F5FE68B24E7141400D0475E /* Main.storyboard in Resources */ = {isa = PBXBuildFile; fileRef = 9F5FE68924E7141400D0475E /* Main.storyboard */; };
		9F5FE68E24E7141400D0475E /* ReadTheMantra.xcdatamodeld in Sources */ = {isa = PBXBuildFile; fileRef = 9F5FE68C24E7141400D0475E /* ReadTheMantra.xcdatamodeld */; };
		9F5FE69024E7141700D0475E /* Assets.xcassets in Resources */ = {isa = PBXBuildFile; fileRef = 9F5FE68F24E7141700D0475E /* Assets.xcassets */; };
		9F5FE69D24E717A200D0475E /* DetailsViewController.swift in Sources */ = {isa = PBXBuildFile; fileRef = 9F5FE69A24E717A200D0475E /* DetailsViewController.swift */; };
		9F5FE6A524E7183E00D0475E /* PreloadedMantras.swift in Sources */ = {isa = PBXBuildFile; fileRef = 9F5FE6A324E7183D00D0475E /* PreloadedMantras.swift */; };
		9F5FE6A624E7183E00D0475E /* DetailsMode.swift in Sources */ = {isa = PBXBuildFile; fileRef = 9F5FE6A424E7183E00D0475E /* DetailsMode.swift */; };
		9F5FE6AB24E78EE400D0475E /* Localizable.strings in Resources */ = {isa = PBXBuildFile; fileRef = 9F5FE6AD24E78EE400D0475E /* Localizable.strings */; };
		9F5FE6B124E7994400D0475E /* IQKeyboardManagerSwift in Frameworks */ = {isa = PBXBuildFile; productRef = 9F5FE6B024E7994400D0475E /* IQKeyboardManagerSwift */; };
		9F5FE6B424E9262B00D0475E /* InfoPlist.strings in Resources */ = {isa = PBXBuildFile; fileRef = 9F5FE6B624E9262B00D0475E /* InfoPlist.strings */; };
		9F5FE6BB24E9C8F300D0475E /* UIViewController+HideKeyboardWhenTappedAround.swift in Sources */ = {isa = PBXBuildFile; fileRef = 9F5FE6BA24E9C8F300D0475E /* UIViewController+HideKeyboardWhenTappedAround.swift */; };
		9F6503D8256651680055ED8F /* ConfettiView.swift in Sources */ = {isa = PBXBuildFile; fileRef = 9F6503D7256651670055ED8F /* ConfettiView.swift */; };
		9F65C46025AB5BBE0037A8F7 /* UIVew+FixInputAssistant.swift in Sources */ = {isa = PBXBuildFile; fileRef = 9F65C45F25AB5BBE0037A8F7 /* UIVew+FixInputAssistant.swift */; };
		9F72DC2326CFC43200D96038 /* WidgetManager.swift in Sources */ = {isa = PBXBuildFile; fileRef = 9F72DC2226CFC43200D96038 /* WidgetManager.swift */; };
		9F72DC2626CFC6F500D96038 /* LaunchPreparer.swift in Sources */ = {isa = PBXBuildFile; fileRef = 9F72DC2526CFC6F500D96038 /* LaunchPreparer.swift */; };
		9F72DC2826CFC7C600D96038 /* DetailsButtonsHandler.swift in Sources */ = {isa = PBXBuildFile; fileRef = 9F72DC2726CFC7C600D96038 /* DetailsButtonsHandler.swift */; };
		9F75828525821EED00695ED7 /* UIStackView+RoundedStackView.swift in Sources */ = {isa = PBXBuildFile; fileRef = 9F75828125821EC600695ED7 /* UIStackView+RoundedStackView.swift */; };
		9F7A5091253CB924008BFD6F /* UIFont+CustomDynamicFontWeight.swift in Sources */ = {isa = PBXBuildFile; fileRef = 9F7A5090253CB924008BFD6F /* UIFont+CustomDynamicFontWeight.swift */; };
		9F7A5096253DD439008BFD6F /* CopyableLabel.swift in Sources */ = {isa = PBXBuildFile; fileRef = 9F7A5095253DD438008BFD6F /* CopyableLabel.swift */; };
		9F7EAC1C25B9360400AEC901 /* NetworkMonitor.swift in Sources */ = {isa = PBXBuildFile; fileRef = 9F7EAC1B25B9360400AEC901 /* NetworkMonitor.swift */; };
		9F91804725BB48F20016FEB6 /* UIDevice+ModelDetection.swift in Sources */ = {isa = PBXBuildFile; fileRef = 9F91804625BB48F20016FEB6 /* UIDevice+ModelDetection.swift */; };
		9F9299AF250818B6003D5029 /* Constants.swift in Sources */ = {isa = PBXBuildFile; fileRef = 9F9299AE250818B6003D5029 /* Constants.swift */; };
		9FA05ED2270489FF00163DA1 /* ButtonStackView.swift in Sources */ = {isa = PBXBuildFile; fileRef = 9FA05ED1270489FF00163DA1 /* ButtonStackView.swift */; };
		9FA216D82733C6B1008AC6D7 /* AlertControllerFactory.swift in Sources */ = {isa = PBXBuildFile; fileRef = 9FA216D72733C6B1008AC6D7 /* AlertControllerFactory.swift */; };
		9FA2171F273BA25E008AC6D7 /* NotNegativePropertyWrapper.swift in Sources */ = {isa = PBXBuildFile; fileRef = 9FA2171E273BA25E008AC6D7 /* NotNegativePropertyWrapper.swift */; };
		9FA97A392570177B005C9078 /* ReadsCountViewController.swift in Sources */ = {isa = PBXBuildFile; fileRef = 9FA97A382570177B005C9078 /* ReadsCountViewController.swift */; };
		9FA9E0F1262A2A2B000A408A /* Functions.swift in Sources */ = {isa = PBXBuildFile; fileRef = 9FA9E0F0262A2A2B000A408A /* Functions.swift */; };
		9FA9E0F7262A2FF4000A408A /* HudView.swift in Sources */ = {isa = PBXBuildFile; fileRef = 9FA9E0F6262A2FF4000A408A /* HudView.swift */; };
		9FB47BEF250BF23C001955F5 /* CircularProgressView.swift in Sources */ = {isa = PBXBuildFile; fileRef = 9FB47BEE250BF23C001955F5 /* CircularProgressView.swift */; };
		9FC0B81525D9828100EDA40E /* BlurEffectView.swift in Sources */ = {isa = PBXBuildFile; fileRef = 9FC0B81425D9828100EDA40E /* BlurEffectView.swift */; };
		9FC3971925B14611002B1EE0 /* FirstSearchOnTheInternetAlert.swift in Sources */ = {isa = PBXBuildFile; fileRef = 9FC3971325B143C8002B1EE0 /* FirstSearchOnTheInternetAlert.swift */; };
		9FC558B025D158D30015C3C4 /* MantraDataManager.swift in Sources */ = {isa = PBXBuildFile; fileRef = 9FC558AF25D158D20015C3C4 /* MantraDataManager.swift */; };
		9FC9F49425CD1FF400B4D2B5 /* HeaderSupplementaryView.swift in Sources */ = {isa = PBXBuildFile; fileRef = 9FC9F49325CD1FF400B4D2B5 /* HeaderSupplementaryView.swift */; };
		9FCA5C52258E52D4002E1D25 /* WidgetModel.swift in Sources */ = {isa = PBXBuildFile; fileRef = 9FE855A4258E2B8000771BA1 /* WidgetModel.swift */; };
		9FCA5C6625907124002E1D25 /* UIFont+CustomDynamicFontWeight.swift in Sources */ = {isa = PBXBuildFile; fileRef = 9F7A5090253CB924008BFD6F /* UIFont+CustomDynamicFontWeight.swift */; };
		9FCA5C7A2591C0EE002E1D25 /* Int+FormattedNumber.swift in Sources */ = {isa = PBXBuildFile; fileRef = 9F3766102513C5B9007E6BED /* Int+FormattedNumber.swift */; };
		9FCA5C8C259347A5002E1D25 /* DeleteConfirmationAlert.swift in Sources */ = {isa = PBXBuildFile; fileRef = 9FCA5C8B259347A5002E1D25 /* DeleteConfirmationAlert.swift */; };
		9FCA5C93259349EC002E1D25 /* DuplicatingAlert.swift in Sources */ = {isa = PBXBuildFile; fileRef = 9FCA5C92259349EC002E1D25 /* DuplicatingAlert.swift */; };
		9FCA5CB125936668002E1D25 /* AdjustingType.swift in Sources */ = {isa = PBXBuildFile; fileRef = 9FCA5CB025936668002E1D25 /* AdjustingType.swift */; };
		9FCA5CB525936692002E1D25 /* Level.swift in Sources */ = {isa = PBXBuildFile; fileRef = 9FCA5CB425936692002E1D25 /* Level.swift */; };
		9FCA5CB92593672D002E1D25 /* UpdatingAlert.swift in Sources */ = {isa = PBXBuildFile; fileRef = 9FCA5CB82593672D002E1D25 /* UpdatingAlert.swift */; };
		9FCA5CBF25936F16002E1D25 /* CongratulationsAlert.swift in Sources */ = {isa = PBXBuildFile; fileRef = 9FCA5CBE25936F16002E1D25 /* CongratulationsAlert.swift */; };
		9FCA5CCB2593BEC6002E1D25 /* Localizable.strings in Resources */ = {isa = PBXBuildFile; fileRef = 9FCA5CC92593BEAC002E1D25 /* Localizable.strings */; };
		9FCA5CD5259F6938002E1D25 /* CoreDataManager.swift in Sources */ = {isa = PBXBuildFile; fileRef = 9FCA5CD4259F6936002E1D25 /* CoreDataManager.swift */; };
		9FD06444262C804800F0054F /* PlaceholderLabelForEmptyView.swift in Sources */ = {isa = PBXBuildFile; fileRef = 9FD06433262C731500F0054F /* PlaceholderLabelForEmptyView.swift */; };
		9FD06450262E13A500F0054F /* ActivityIndicatorViewWithText.swift in Sources */ = {isa = PBXBuildFile; fileRef = 9F2B1ED7260790F500D999CB /* ActivityIndicatorViewWithText.swift */; };
		9FE827C0260E747600CBDFF2 /* Constants.swift in Sources */ = {isa = PBXBuildFile; fileRef = 9F9299AE250818B6003D5029 /* Constants.swift */; };
		9FE827D72613C0AC00CBDFF2 /* CancelOrCloseMantraAlert.swift in Sources */ = {isa = PBXBuildFile; fileRef = 9F2B1EBA2607784500D999CB /* CancelOrCloseMantraAlert.swift */; };
		9FE827F0261E36B100CBDFF2 /* PreloadedMantraController.swift in Sources */ = {isa = PBXBuildFile; fileRef = 9FE827EF261E36B100CBDFF2 /* PreloadedMantraController.swift */; };
		9FE827FD261F960100CBDFF2 /* DuplicatingAlertForPreloadedMantras.swift in Sources */ = {isa = PBXBuildFile; fileRef = 9FE827F7261F953900CBDFF2 /* DuplicatingAlertForPreloadedMantras.swift */; };
		9FE828092626227B00CBDFF2 /* MantraViewController.swift in Sources */ = {isa = PBXBuildFile; fileRef = 9F12CD18258112EE0089AFD8 /* MantraViewController.swift */; };
		9FE855A5258E2B8000771BA1 /* WidgetModel.swift in Sources */ = {isa = PBXBuildFile; fileRef = 9FE855A4258E2B8000771BA1 /* WidgetModel.swift */; };
		9FE855B2258E4F9A00771BA1 /* MantraWidgetManager.swift in Sources */ = {isa = PBXBuildFile; fileRef = 9FE855AA258E4F1A00771BA1 /* MantraWidgetManager.swift */; };
		9FE855BB258E51BF00771BA1 /* WidgetKit.framework in Frameworks */ = {isa = PBXBuildFile; fileRef = 9FE855BA258E51BF00771BA1 /* WidgetKit.framework */; };
		9FE855BD258E51BF00771BA1 /* SwiftUI.framework in Frameworks */ = {isa = PBXBuildFile; fileRef = 9FE855BC258E51BF00771BA1 /* SwiftUI.framework */; };
		9FE855C0258E51BF00771BA1 /* MantraWidget.swift in Sources */ = {isa = PBXBuildFile; fileRef = 9FE855BF258E51BF00771BA1 /* MantraWidget.swift */; };
		9FE855C2258E51C300771BA1 /* Assets.xcassets in Resources */ = {isa = PBXBuildFile; fileRef = 9FE855C1258E51C300771BA1 /* Assets.xcassets */; };
		9FE855C6258E51C300771BA1 /* FavoritesWidgetExtension.appex in Embed App Extensions */ = {isa = PBXBuildFile; fileRef = 9FE855B8258E51BF00771BA1 /* FavoritesWidgetExtension.appex */; settings = {ATTRIBUTES = (RemoveHeadersOnCopy, ); }; };
		9FEB07F026CA5D3A005AD2E3 /* MantraDetailsButtonsHandler.swift in Sources */ = {isa = PBXBuildFile; fileRef = 9FEB07EF26CA5D3A005AD2E3 /* MantraDetailsButtonsHandler.swift */; };
		9FEB07F326CBA183005AD2E3 /* MantraLaunchPreparer.swift in Sources */ = {isa = PBXBuildFile; fileRef = 9FEB07F226CBA183005AD2E3 /* MantraLaunchPreparer.swift */; };
		9FEB07F526CBA8A7005AD2E3 /* DataManager.swift in Sources */ = {isa = PBXBuildFile; fileRef = 9FEB07F426CBA8A7005AD2E3 /* DataManager.swift */; };
		9FF812AF272966FD00DEC7F7 /* DataStore.swift in Sources */ = {isa = PBXBuildFile; fileRef = 9FF812AE272966FD00DEC7F7 /* DataStore.swift */; };
		9FFCF08826C1C1E000984666 /* DetailsViewControllerState.swift in Sources */ = {isa = PBXBuildFile; fileRef = 9FFCF08726C1C1DF00984666 /* DetailsViewControllerState.swift */; };
		9FFCF08A26C1C26700984666 /* AddDetailsState.swift in Sources */ = {isa = PBXBuildFile; fileRef = 9FFCF08926C1C26700984666 /* AddDetailsState.swift */; };
		9FFCF08C26C1C27700984666 /* EditDetailsState.swift in Sources */ = {isa = PBXBuildFile; fileRef = 9FFCF08B26C1C27700984666 /* EditDetailsState.swift */; };
		9FFCF08E26C1C28800984666 /* ViewDetailsState.swift in Sources */ = {isa = PBXBuildFile; fileRef = 9FFCF08D26C1C28800984666 /* ViewDetailsState.swift */; };
		9FFF85B725EEAF7F00131AA7 /* UndoAlert.swift in Sources */ = {isa = PBXBuildFile; fileRef = 9FFF85AF25EEAEB200131AA7 /* UndoAlert.swift */; };
/* End PBXBuildFile section */

/* Begin PBXContainerItemProxy section */
		9FE855C4258E51C300771BA1 /* PBXContainerItemProxy */ = {
			isa = PBXContainerItemProxy;
			containerPortal = 9F5FE67824E7141300D0475E /* Project object */;
			proxyType = 1;
			remoteGlobalIDString = 9FE855B7258E51BF00771BA1;
			remoteInfo = FavoritesWidgetExtension;
		};
/* End PBXContainerItemProxy section */

/* Begin PBXCopyFilesBuildPhase section */
		9FE855CA258E51C300771BA1 /* Embed App Extensions */ = {
			isa = PBXCopyFilesBuildPhase;
			buildActionMask = 2147483647;
			dstPath = "";
			dstSubfolderSpec = 13;
			files = (
				9FE855C6258E51C300771BA1 /* FavoritesWidgetExtension.appex in Embed App Extensions */,
			);
			name = "Embed App Extensions";
			runOnlyForDeploymentPostprocessing = 0;
		};
/* End PBXCopyFilesBuildPhase section */

/* Begin PBXFileReference section */
		9F08B65D268B4A1E008F20B1 /* OnboardingView.swift */ = {isa = PBXFileReference; lastKnownFileType = sourcecode.swift; path = OnboardingView.swift; sourceTree = "<group>"; };
		9F08B65F268B4C60008F20B1 /* DetailsView.swift */ = {isa = PBXFileReference; lastKnownFileType = sourcecode.swift; path = DetailsView.swift; sourceTree = "<group>"; };
		9F08B661268B4C75008F20B1 /* ReadsCountView.swift */ = {isa = PBXFileReference; lastKnownFileType = sourcecode.swift; path = ReadsCountView.swift; sourceTree = "<group>"; };
		9F0ABF3725EA22E400742A36 /* MantraCell.swift */ = {isa = PBXFileReference; lastKnownFileType = sourcecode.swift; path = MantraCell.swift; sourceTree = "<group>"; };
		9F0BDAEC26B2D8A30079FE48 /* FirstSwitchDisplayMode.swift */ = {isa = PBXFileReference; lastKnownFileType = sourcecode.swift; path = FirstSwitchDisplayMode.swift; sourceTree = "<group>"; };
		9F0BDAEF26BAC9DF0079FE48 /* ReadsCountViewControllerState.swift */ = {isa = PBXFileReference; lastKnownFileType = sourcecode.swift; path = ReadsCountViewControllerState.swift; sourceTree = "<group>"; };
		9F0BDAF126BACA290079FE48 /* DisplaySystemBehaviorState.swift */ = {isa = PBXFileReference; lastKnownFileType = sourcecode.swift; path = DisplaySystemBehaviorState.swift; sourceTree = "<group>"; };
		9F0BDAF326BACB7B0079FE48 /* AlwaysOnDisplayState.swift */ = {isa = PBXFileReference; lastKnownFileType = sourcecode.swift; path = AlwaysOnDisplayState.swift; sourceTree = "<group>"; };
		9F12CD18258112EE0089AFD8 /* MantraViewController.swift */ = {isa = PBXFileReference; lastKnownFileType = sourcecode.swift; path = MantraViewController.swift; sourceTree = "<group>"; };
		9F1769F2262EE13A00E3FCA3 /* PreloadedMantrasDueToNoInternetConnection.swift */ = {isa = PBXFileReference; lastKnownFileType = sourcecode.swift; path = PreloadedMantrasDueToNoInternetConnection.swift; sourceTree = "<group>"; };
		9F22713726348A3F001F92BD /* UIImage+ResizeUIImage.swift */ = {isa = PBXFileReference; lastKnownFileType = sourcecode.swift; path = "UIImage+ResizeUIImage.swift"; sourceTree = "<group>"; };
		9F2362F526D3C8BA00F11D80 /* DataBaseManager.swift */ = {isa = PBXFileReference; lastKnownFileType = sourcecode.swift; path = DataBaseManager.swift; sourceTree = "<group>"; };
		9F2715AF25B83D92002A98FD /* CloudKit.framework */ = {isa = PBXFileReference; lastKnownFileType = wrapper.framework; name = CloudKit.framework; path = System/Library/Frameworks/CloudKit.framework; sourceTree = SDKROOT; };
		9F293E3A2575503000B7B1C7 /* SetPhotoButton.swift */ = {isa = PBXFileReference; lastKnownFileType = sourcecode.swift; path = SetPhotoButton.swift; sourceTree = "<group>"; };
		9F2B1EBA2607784500D999CB /* CancelOrCloseMantraAlert.swift */ = {isa = PBXFileReference; lastKnownFileType = sourcecode.swift; path = CancelOrCloseMantraAlert.swift; sourceTree = "<group>"; };
		9F2B1EC026077AF200D999CB /* NoImageAlert.swift */ = {isa = PBXFileReference; lastKnownFileType = sourcecode.swift; path = NoImageAlert.swift; sourceTree = "<group>"; };
		9F2B1ED7260790F500D999CB /* ActivityIndicatorViewWithText.swift */ = {isa = PBXFileReference; lastKnownFileType = sourcecode.swift; path = ActivityIndicatorViewWithText.swift; sourceTree = "<group>"; };
		9F2B1EE226079C4300D999CB /* SmallWidgetView.swift */ = {isa = PBXFileReference; lastKnownFileType = sourcecode.swift; path = SmallWidgetView.swift; sourceTree = "<group>"; };
		9F2B1EED26079D3B00D999CB /* MediumWidgetView.swift */ = {isa = PBXFileReference; lastKnownFileType = sourcecode.swift; path = MediumWidgetView.swift; sourceTree = "<group>"; };
		9F2B1EF126079D7900D999CB /* LargeWidgetView.swift */ = {isa = PBXFileReference; lastKnownFileType = sourcecode.swift; path = LargeWidgetView.swift; sourceTree = "<group>"; };
		9F35BCC82731B17A00EE1943 /* String+NumberValidation.swift */ = {isa = PBXFileReference; lastKnownFileType = sourcecode.swift; path = "String+NumberValidation.swift"; sourceTree = "<group>"; };
		9F3766102513C5B9007E6BED /* Int+FormattedNumber.swift */ = {isa = PBXFileReference; lastKnownFileType = sourcecode.swift; path = "Int+FormattedNumber.swift"; sourceTree = "<group>"; };
		9F3B1C022538F50200BEE838 /* UIFont+RoundedSystemFont.swift */ = {isa = PBXFileReference; lastKnownFileType = sourcecode.swift; path = "UIFont+RoundedSystemFont.swift"; sourceTree = "<group>"; };
		9F3B627425781A6F00B4F5E4 /* AdjustReadsButton.swift */ = {isa = PBXFileReference; lastKnownFileType = sourcecode.swift; path = AdjustReadsButton.swift; sourceTree = "<group>"; };
		9F3B62952578DAD200B4F5E4 /* TextViewWithPlaceholder.swift */ = {isa = PBXFileReference; lastKnownFileType = sourcecode.swift; path = TextViewWithPlaceholder.swift; sourceTree = "<group>"; };
		9F3B62D1257CFFF800B4F5E4 /* OnboardingViewController.swift */ = {isa = PBXFileReference; lastKnownFileType = sourcecode.swift; path = OnboardingViewController.swift; sourceTree = "<group>"; };
		9F4B47F62530C4B300E7FF4B /* en */ = {isa = PBXFileReference; lastKnownFileType = text.plist.strings; name = en; path = en.lproj/InfoPlist.strings; sourceTree = "<group>"; };
		9F5FE68024E7141400D0475E /* MantraReader.app */ = {isa = PBXFileReference; explicitFileType = wrapper.application; includeInIndex = 0; path = MantraReader.app; sourceTree = BUILT_PRODUCTS_DIR; };
		9F5FE68324E7141400D0475E /* AppDelegate.swift */ = {isa = PBXFileReference; lastKnownFileType = sourcecode.swift; path = AppDelegate.swift; sourceTree = "<group>"; };
		9F5FE68524E7141400D0475E /* SceneDelegate.swift */ = {isa = PBXFileReference; lastKnownFileType = sourcecode.swift; path = SceneDelegate.swift; sourceTree = "<group>"; };
		9F5FE68A24E7141400D0475E /* Base */ = {isa = PBXFileReference; lastKnownFileType = file.storyboard; name = Base; path = Base.lproj/Main.storyboard; sourceTree = "<group>"; };
		9F5FE68D24E7141400D0475E /* ReadTheMantra.xcdatamodel */ = {isa = PBXFileReference; lastKnownFileType = wrapper.xcdatamodel; path = ReadTheMantra.xcdatamodel; sourceTree = "<group>"; };
		9F5FE68F24E7141700D0475E /* Assets.xcassets */ = {isa = PBXFileReference; lastKnownFileType = folder.assetcatalog; path = Assets.xcassets; sourceTree = "<group>"; };
		9F5FE69424E7141700D0475E /* Info.plist */ = {isa = PBXFileReference; lastKnownFileType = text.plist.xml; path = Info.plist; sourceTree = "<group>"; };
		9F5FE69A24E717A200D0475E /* DetailsViewController.swift */ = {isa = PBXFileReference; fileEncoding = 4; lastKnownFileType = sourcecode.swift; path = DetailsViewController.swift; sourceTree = "<group>"; };
		9F5FE6A324E7183D00D0475E /* PreloadedMantras.swift */ = {isa = PBXFileReference; fileEncoding = 4; lastKnownFileType = sourcecode.swift; path = PreloadedMantras.swift; sourceTree = "<group>"; };
		9F5FE6A424E7183E00D0475E /* DetailsMode.swift */ = {isa = PBXFileReference; fileEncoding = 4; lastKnownFileType = sourcecode.swift; path = DetailsMode.swift; sourceTree = "<group>"; };
		9F5FE6AC24E78EE400D0475E /* ru */ = {isa = PBXFileReference; lastKnownFileType = text.plist.strings; name = ru; path = ru.lproj/Localizable.strings; sourceTree = "<group>"; };
		9F5FE6B524E9262B00D0475E /* ru */ = {isa = PBXFileReference; lastKnownFileType = text.plist.strings; name = ru; path = ru.lproj/InfoPlist.strings; sourceTree = "<group>"; };
		9F5FE6B824E9B6E500D0475E /* UIImage+CropToCircleUIImage.swift */ = {isa = PBXFileReference; lastKnownFileType = sourcecode.swift; path = "UIImage+CropToCircleUIImage.swift"; sourceTree = "<group>"; };
		9F5FE6BA24E9C8F300D0475E /* UIViewController+HideKeyboardWhenTappedAround.swift */ = {isa = PBXFileReference; lastKnownFileType = sourcecode.swift; path = "UIViewController+HideKeyboardWhenTappedAround.swift"; sourceTree = "<group>"; };
		9F6503D7256651670055ED8F /* ConfettiView.swift */ = {isa = PBXFileReference; fileEncoding = 4; lastKnownFileType = sourcecode.swift; path = ConfettiView.swift; sourceTree = "<group>"; };
		9F65C45625AA20A00037A8F7 /* en */ = {isa = PBXFileReference; lastKnownFileType = text.plist.strings; name = en; path = en.lproj/Localizable.strings; sourceTree = "<group>"; };
		9F65C45F25AB5BBE0037A8F7 /* UIVew+FixInputAssistant.swift */ = {isa = PBXFileReference; lastKnownFileType = sourcecode.swift; path = "UIVew+FixInputAssistant.swift"; sourceTree = "<group>"; };
		9F72DC2226CFC43200D96038 /* WidgetManager.swift */ = {isa = PBXFileReference; lastKnownFileType = sourcecode.swift; path = WidgetManager.swift; sourceTree = "<group>"; };
		9F72DC2526CFC6F500D96038 /* LaunchPreparer.swift */ = {isa = PBXFileReference; lastKnownFileType = sourcecode.swift; path = LaunchPreparer.swift; sourceTree = "<group>"; };
		9F72DC2726CFC7C600D96038 /* DetailsButtonsHandler.swift */ = {isa = PBXFileReference; lastKnownFileType = sourcecode.swift; path = DetailsButtonsHandler.swift; sourceTree = "<group>"; };
		9F75828125821EC600695ED7 /* UIStackView+RoundedStackView.swift */ = {isa = PBXFileReference; lastKnownFileType = sourcecode.swift; path = "UIStackView+RoundedStackView.swift"; sourceTree = "<group>"; };
		9F7A5090253CB924008BFD6F /* UIFont+CustomDynamicFontWeight.swift */ = {isa = PBXFileReference; lastKnownFileType = sourcecode.swift; path = "UIFont+CustomDynamicFontWeight.swift"; sourceTree = "<group>"; };
		9F7A5095253DD438008BFD6F /* CopyableLabel.swift */ = {isa = PBXFileReference; lastKnownFileType = sourcecode.swift; path = CopyableLabel.swift; sourceTree = "<group>"; };
		9F7EAC1B25B9360400AEC901 /* NetworkMonitor.swift */ = {isa = PBXFileReference; lastKnownFileType = sourcecode.swift; path = NetworkMonitor.swift; sourceTree = "<group>"; };
		9F91804625BB48F20016FEB6 /* UIDevice+ModelDetection.swift */ = {isa = PBXFileReference; lastKnownFileType = sourcecode.swift; path = "UIDevice+ModelDetection.swift"; sourceTree = "<group>"; };
		9F9299AE250818B6003D5029 /* Constants.swift */ = {isa = PBXFileReference; lastKnownFileType = sourcecode.swift; path = Constants.swift; sourceTree = "<group>"; };
		9FA05ED1270489FF00163DA1 /* ButtonStackView.swift */ = {isa = PBXFileReference; lastKnownFileType = sourcecode.swift; path = ButtonStackView.swift; sourceTree = "<group>"; };
		9FA216D72733C6B1008AC6D7 /* AlertControllerFactory.swift */ = {isa = PBXFileReference; lastKnownFileType = sourcecode.swift; path = AlertControllerFactory.swift; sourceTree = "<group>"; };
		9FA2171E273BA25E008AC6D7 /* NotNegativePropertyWrapper.swift */ = {isa = PBXFileReference; lastKnownFileType = sourcecode.swift; path = NotNegativePropertyWrapper.swift; sourceTree = "<group>"; };
		9FA97A382570177B005C9078 /* ReadsCountViewController.swift */ = {isa = PBXFileReference; lastKnownFileType = sourcecode.swift; path = ReadsCountViewController.swift; sourceTree = "<group>"; };
		9FA9E0F0262A2A2B000A408A /* Functions.swift */ = {isa = PBXFileReference; lastKnownFileType = sourcecode.swift; path = Functions.swift; sourceTree = "<group>"; };
		9FA9E0F6262A2FF4000A408A /* HudView.swift */ = {isa = PBXFileReference; fileEncoding = 4; lastKnownFileType = sourcecode.swift; path = HudView.swift; sourceTree = "<group>"; };
		9FB47BEE250BF23C001955F5 /* CircularProgressView.swift */ = {isa = PBXFileReference; lastKnownFileType = sourcecode.swift; path = CircularProgressView.swift; sourceTree = "<group>"; };
		9FC0B81425D9828100EDA40E /* BlurEffectView.swift */ = {isa = PBXFileReference; lastKnownFileType = sourcecode.swift; path = BlurEffectView.swift; sourceTree = "<group>"; };
		9FC3971325B143C8002B1EE0 /* FirstSearchOnTheInternetAlert.swift */ = {isa = PBXFileReference; lastKnownFileType = sourcecode.swift; path = FirstSearchOnTheInternetAlert.swift; sourceTree = "<group>"; };
		9FC558AF25D158D20015C3C4 /* MantraDataManager.swift */ = {isa = PBXFileReference; lastKnownFileType = sourcecode.swift; path = MantraDataManager.swift; sourceTree = "<group>"; };
		9FC9F49325CD1FF400B4D2B5 /* HeaderSupplementaryView.swift */ = {isa = PBXFileReference; fileEncoding = 4; lastKnownFileType = sourcecode.swift; path = HeaderSupplementaryView.swift; sourceTree = "<group>"; };
		9FCA5C8B259347A5002E1D25 /* DeleteConfirmationAlert.swift */ = {isa = PBXFileReference; lastKnownFileType = sourcecode.swift; path = DeleteConfirmationAlert.swift; sourceTree = "<group>"; };
		9FCA5C92259349EC002E1D25 /* DuplicatingAlert.swift */ = {isa = PBXFileReference; lastKnownFileType = sourcecode.swift; path = DuplicatingAlert.swift; sourceTree = "<group>"; };
		9FCA5CAA259363E2002E1D25 /* AddTitleAlert.swift */ = {isa = PBXFileReference; lastKnownFileType = sourcecode.swift; path = AddTitleAlert.swift; sourceTree = "<group>"; };
		9FCA5CB025936668002E1D25 /* AdjustingType.swift */ = {isa = PBXFileReference; lastKnownFileType = sourcecode.swift; path = AdjustingType.swift; sourceTree = "<group>"; };
		9FCA5CB425936692002E1D25 /* Level.swift */ = {isa = PBXFileReference; lastKnownFileType = sourcecode.swift; path = Level.swift; sourceTree = "<group>"; };
		9FCA5CB82593672D002E1D25 /* UpdatingAlert.swift */ = {isa = PBXFileReference; lastKnownFileType = sourcecode.swift; path = UpdatingAlert.swift; sourceTree = "<group>"; };
		9FCA5CBE25936F16002E1D25 /* CongratulationsAlert.swift */ = {isa = PBXFileReference; lastKnownFileType = sourcecode.swift; path = CongratulationsAlert.swift; sourceTree = "<group>"; };
		9FCA5CCA2593BEAC002E1D25 /* ru */ = {isa = PBXFileReference; lastKnownFileType = text.plist.strings; name = ru; path = ru.lproj/Localizable.strings; sourceTree = "<group>"; };
		9FCA5CD4259F6936002E1D25 /* CoreDataManager.swift */ = {isa = PBXFileReference; lastKnownFileType = sourcecode.swift; path = CoreDataManager.swift; sourceTree = "<group>"; };
		9FD06433262C731500F0054F /* PlaceholderLabelForEmptyView.swift */ = {isa = PBXFileReference; lastKnownFileType = sourcecode.swift; path = PlaceholderLabelForEmptyView.swift; sourceTree = "<group>"; };
		9FE827EF261E36B100CBDFF2 /* PreloadedMantraController.swift */ = {isa = PBXFileReference; lastKnownFileType = sourcecode.swift; path = PreloadedMantraController.swift; sourceTree = "<group>"; };
		9FE827F7261F953900CBDFF2 /* DuplicatingAlertForPreloadedMantras.swift */ = {isa = PBXFileReference; lastKnownFileType = sourcecode.swift; path = DuplicatingAlertForPreloadedMantras.swift; sourceTree = "<group>"; };
		9FE855A4258E2B8000771BA1 /* WidgetModel.swift */ = {isa = PBXFileReference; lastKnownFileType = sourcecode.swift; path = WidgetModel.swift; sourceTree = "<group>"; };
		9FE855A7258E2CED00771BA1 /* MantraCounter.entitlements */ = {isa = PBXFileReference; lastKnownFileType = text.plist.entitlements; path = MantraCounter.entitlements; sourceTree = "<group>"; };
		9FE855AA258E4F1A00771BA1 /* MantraWidgetManager.swift */ = {isa = PBXFileReference; lastKnownFileType = sourcecode.swift; path = MantraWidgetManager.swift; sourceTree = "<group>"; };
		9FE855B8258E51BF00771BA1 /* FavoritesWidgetExtension.appex */ = {isa = PBXFileReference; explicitFileType = "wrapper.app-extension"; includeInIndex = 0; path = FavoritesWidgetExtension.appex; sourceTree = BUILT_PRODUCTS_DIR; };
		9FE855BA258E51BF00771BA1 /* WidgetKit.framework */ = {isa = PBXFileReference; lastKnownFileType = wrapper.framework; name = WidgetKit.framework; path = System/Library/Frameworks/WidgetKit.framework; sourceTree = SDKROOT; };
		9FE855BC258E51BF00771BA1 /* SwiftUI.framework */ = {isa = PBXFileReference; lastKnownFileType = wrapper.framework; name = SwiftUI.framework; path = System/Library/Frameworks/SwiftUI.framework; sourceTree = SDKROOT; };
		9FE855BF258E51BF00771BA1 /* MantraWidget.swift */ = {isa = PBXFileReference; lastKnownFileType = sourcecode.swift; path = MantraWidget.swift; sourceTree = "<group>"; };
		9FE855C1258E51C300771BA1 /* Assets.xcassets */ = {isa = PBXFileReference; lastKnownFileType = folder.assetcatalog; path = Assets.xcassets; sourceTree = "<group>"; };
		9FE855C3258E51C300771BA1 /* Info.plist */ = {isa = PBXFileReference; lastKnownFileType = text.plist.xml; path = Info.plist; sourceTree = "<group>"; };
		9FE855D0258E521D00771BA1 /* FavoritesWidgetExtension.entitlements */ = {isa = PBXFileReference; lastKnownFileType = text.plist.entitlements; path = FavoritesWidgetExtension.entitlements; sourceTree = "<group>"; };
		9FEB07EF26CA5D3A005AD2E3 /* MantraDetailsButtonsHandler.swift */ = {isa = PBXFileReference; lastKnownFileType = sourcecode.swift; path = MantraDetailsButtonsHandler.swift; sourceTree = "<group>"; };
		9FEB07F226CBA183005AD2E3 /* MantraLaunchPreparer.swift */ = {isa = PBXFileReference; lastKnownFileType = sourcecode.swift; path = MantraLaunchPreparer.swift; sourceTree = "<group>"; };
		9FEB07F426CBA8A7005AD2E3 /* DataManager.swift */ = {isa = PBXFileReference; lastKnownFileType = sourcecode.swift; path = DataManager.swift; sourceTree = "<group>"; };
		9FF812AE272966FD00DEC7F7 /* DataStore.swift */ = {isa = PBXFileReference; lastKnownFileType = sourcecode.swift; path = DataStore.swift; sourceTree = "<group>"; };
		9FFCF08726C1C1DF00984666 /* DetailsViewControllerState.swift */ = {isa = PBXFileReference; lastKnownFileType = sourcecode.swift; path = DetailsViewControllerState.swift; sourceTree = "<group>"; };
		9FFCF08926C1C26700984666 /* AddDetailsState.swift */ = {isa = PBXFileReference; lastKnownFileType = sourcecode.swift; path = AddDetailsState.swift; sourceTree = "<group>"; };
		9FFCF08B26C1C27700984666 /* EditDetailsState.swift */ = {isa = PBXFileReference; lastKnownFileType = sourcecode.swift; path = EditDetailsState.swift; sourceTree = "<group>"; };
		9FFCF08D26C1C28800984666 /* ViewDetailsState.swift */ = {isa = PBXFileReference; lastKnownFileType = sourcecode.swift; path = ViewDetailsState.swift; sourceTree = "<group>"; };
		9FFF85AF25EEAEB200131AA7 /* UndoAlert.swift */ = {isa = PBXFileReference; lastKnownFileType = sourcecode.swift; path = UndoAlert.swift; sourceTree = "<group>"; };
/* End PBXFileReference section */

/* Begin PBXFrameworksBuildPhase section */
		9F5FE67D24E7141400D0475E /* Frameworks */ = {
			isa = PBXFrameworksBuildPhase;
			buildActionMask = 2147483647;
			files = (
				9F5FE6B124E7994400D0475E /* IQKeyboardManagerSwift in Frameworks */,
				9F2715B025B83D92002A98FD /* CloudKit.framework in Frameworks */,
			);
			runOnlyForDeploymentPostprocessing = 0;
		};
		9FE855B5258E51BF00771BA1 /* Frameworks */ = {
			isa = PBXFrameworksBuildPhase;
			buildActionMask = 2147483647;
			files = (
				9FE855BD258E51BF00771BA1 /* SwiftUI.framework in Frameworks */,
				9FE855BB258E51BF00771BA1 /* WidgetKit.framework in Frameworks */,
			);
			runOnlyForDeploymentPostprocessing = 0;
		};
/* End PBXFrameworksBuildPhase section */

/* Begin PBXGroup section */
		9F0BDAEE26BAC95E0079FE48 /* ReadsCountViewControllerStates */ = {
			isa = PBXGroup;
			children = (
				9F0BDAEF26BAC9DF0079FE48 /* ReadsCountViewControllerState.swift */,
				9F0BDAF126BACA290079FE48 /* DisplaySystemBehaviorState.swift */,
				9F0BDAF326BACB7B0079FE48 /* AlwaysOnDisplayState.swift */,
			);
			path = ReadsCountViewControllerStates;
			sourceTree = "<group>";
		};
		9F2362E726D38A3C00F11D80 /* DetailsButtonHandler */ = {
			isa = PBXGroup;
			children = (
				9F72DC2726CFC7C600D96038 /* DetailsButtonsHandler.swift */,
				9FEB07EF26CA5D3A005AD2E3 /* MantraDetailsButtonsHandler.swift */,
			);
			path = DetailsButtonHandler;
			sourceTree = "<group>";
		};
		9F4B47F22530C31700E7FF4B /* HelperExtensions */ = {
			isa = PBXGroup;
			children = (
				9F3766102513C5B9007E6BED /* Int+FormattedNumber.swift */,
				9F35BCC82731B17A00EE1943 /* String+NumberValidation.swift */,
				9F91804625BB48F20016FEB6 /* UIDevice+ModelDetection.swift */,
				9F7A5090253CB924008BFD6F /* UIFont+CustomDynamicFontWeight.swift */,
				9F3B1C022538F50200BEE838 /* UIFont+RoundedSystemFont.swift */,
				9F5FE6B824E9B6E500D0475E /* UIImage+CropToCircleUIImage.swift */,
				9F22713726348A3F001F92BD /* UIImage+ResizeUIImage.swift */,
				9F75828125821EC600695ED7 /* UIStackView+RoundedStackView.swift */,
				9F65C45F25AB5BBE0037A8F7 /* UIVew+FixInputAssistant.swift */,
				9F5FE6BA24E9C8F300D0475E /* UIViewController+HideKeyboardWhenTappedAround.swift */,
			);
			path = HelperExtensions;
			sourceTree = "<group>";
		};
		9F5FE67724E7141300D0475E = {
			isa = PBXGroup;
			children = (
				9FE855D0258E521D00771BA1 /* FavoritesWidgetExtension.entitlements */,
				9F5FE68224E7141400D0475E /* ReadTheMantra */,
				9FE855BE258E51BF00771BA1 /* MantraWidget */,
				9FE855B9258E51BF00771BA1 /* Frameworks */,
				9F5FE68124E7141400D0475E /* Products */,
			);
			sourceTree = "<group>";
		};
		9F5FE68124E7141400D0475E /* Products */ = {
			isa = PBXGroup;
			children = (
				9F5FE68024E7141400D0475E /* MantraReader.app */,
				9FE855B8258E51BF00771BA1 /* FavoritesWidgetExtension.appex */,
			);
			name = Products;
			sourceTree = "<group>";
		};
		9F5FE68224E7141400D0475E /* ReadTheMantra */ = {
			isa = PBXGroup;
			children = (
				9FE855A7258E2CED00771BA1 /* MantraCounter.entitlements */,
				9F5FE68324E7141400D0475E /* AppDelegate.swift */,
				9F5FE68524E7141400D0475E /* SceneDelegate.swift */,
				9FEB07F126CBA138005AD2E3 /* Managers */,
				9F5FE6A224E7181B00D0475E /* Models */,
				9F5FE6A124E7181000D0475E /* Views */,
				9F5FE6A024E717FE00D0475E /* Controllers */,
				9F4B47F22530C31700E7FF4B /* HelperExtensions */,
				9F5FE6A724E71C9100D0475E /* SupportingFiles */,
			);
			path = ReadTheMantra;
			sourceTree = "<group>";
		};
		9F5FE6A024E717FE00D0475E /* Controllers */ = {
			isa = PBXGroup;
			children = (
				9F2362E726D38A3C00F11D80 /* DetailsButtonHandler */,
				9FFCF08626C19DC500984666 /* DetailsViewControllerState */,
				9F0BDAEE26BAC95E0079FE48 /* ReadsCountViewControllerStates */,
				9F5FE69A24E717A200D0475E /* DetailsViewController.swift */,
				9F12CD18258112EE0089AFD8 /* MantraViewController.swift */,
				9F3B62D1257CFFF800B4F5E4 /* OnboardingViewController.swift */,
				9FE827EF261E36B100CBDFF2 /* PreloadedMantraController.swift */,
				9FA97A382570177B005C9078 /* ReadsCountViewController.swift */,
			);
			path = Controllers;
			sourceTree = "<group>";
		};
		9F5FE6A124E7181000D0475E /* Views */ = {
			isa = PBXGroup;
			children = (
				9FCA5C8F2593496B002E1D25 /* Alerts */,
				9F2B1ED7260790F500D999CB /* ActivityIndicatorViewWithText.swift */,
				9F3B627425781A6F00B4F5E4 /* AdjustReadsButton.swift */,
				9FC0B81425D9828100EDA40E /* BlurEffectView.swift */,
				9FA05ED1270489FF00163DA1 /* ButtonStackView.swift */,
				9FB47BEE250BF23C001955F5 /* CircularProgressView.swift */,
				9F6503D7256651670055ED8F /* ConfettiView.swift */,
				9F7A5095253DD438008BFD6F /* CopyableLabel.swift */,
				9F08B65F268B4C60008F20B1 /* DetailsView.swift */,
				9FC9F49325CD1FF400B4D2B5 /* HeaderSupplementaryView.swift */,
				9FA9E0F6262A2FF4000A408A /* HudView.swift */,
				9F5FE68924E7141400D0475E /* Main.storyboard */,
				9F0ABF3725EA22E400742A36 /* MantraCell.swift */,
				9F08B65D268B4A1E008F20B1 /* OnboardingView.swift */,
				9FD06433262C731500F0054F /* PlaceholderLabelForEmptyView.swift */,
				9F08B661268B4C75008F20B1 /* ReadsCountView.swift */,
				9F293E3A2575503000B7B1C7 /* SetPhotoButton.swift */,
				9F3B62952578DAD200B4F5E4 /* TextViewWithPlaceholder.swift */,
			);
			path = Views;
			sourceTree = "<group>";
		};
		9F5FE6A224E7181B00D0475E /* Models */ = {
			isa = PBXGroup;
			children = (
				9FCA5CB025936668002E1D25 /* AdjustingType.swift */,
				9F9299AE250818B6003D5029 /* Constants.swift */,
				9FF812AE272966FD00DEC7F7 /* DataStore.swift */,
				9F5FE6A424E7183E00D0475E /* DetailsMode.swift */,
				9FCA5CB425936692002E1D25 /* Level.swift */,
				9F5FE6A324E7183D00D0475E /* PreloadedMantras.swift */,
				9F5FE68C24E7141400D0475E /* ReadTheMantra.xcdatamodeld */,
				9FE855A4258E2B8000771BA1 /* WidgetModel.swift */,
			);
			path = Models;
			sourceTree = "<group>";
		};
		9F5FE6A724E71C9100D0475E /* SupportingFiles */ = {
			isa = PBXGroup;
			children = (
				9F5FE68F24E7141700D0475E /* Assets.xcassets */,
				9FA9E0F0262A2A2B000A408A /* Functions.swift */,
				9F5FE69424E7141700D0475E /* Info.plist */,
				9F5FE6B624E9262B00D0475E /* InfoPlist.strings */,
				9F5FE6AD24E78EE400D0475E /* Localizable.strings */,
				9FA2171E273BA25E008AC6D7 /* NotNegativePropertyWrapper.swift */,
			);
			path = SupportingFiles;
			sourceTree = "<group>";
		};
		9F72DC2426CFC4DD00D96038 /* Protocols */ = {
			isa = PBXGroup;
			children = (
				9F2362F526D3C8BA00F11D80 /* DataBaseManager.swift */,
				9FEB07F426CBA8A7005AD2E3 /* DataManager.swift */,
				9F72DC2526CFC6F500D96038 /* LaunchPreparer.swift */,
				9F72DC2226CFC43200D96038 /* WidgetManager.swift */,
			);
			path = Protocols;
			sourceTree = "<group>";
		};
		9FCA5C8F2593496B002E1D25 /* Alerts */ = {
			isa = PBXGroup;
			children = (
				9FA216D72733C6B1008AC6D7 /* AlertControllerFactory.swift */,
				9FCA5CAA259363E2002E1D25 /* AddTitleAlert.swift */,
				9F2B1EBA2607784500D999CB /* CancelOrCloseMantraAlert.swift */,
				9FCA5CBE25936F16002E1D25 /* CongratulationsAlert.swift */,
				9FCA5C8B259347A5002E1D25 /* DeleteConfirmationAlert.swift */,
				9FCA5C92259349EC002E1D25 /* DuplicatingAlert.swift */,
				9FE827F7261F953900CBDFF2 /* DuplicatingAlertForPreloadedMantras.swift */,
				9FC3971325B143C8002B1EE0 /* FirstSearchOnTheInternetAlert.swift */,
				9F0BDAEC26B2D8A30079FE48 /* FirstSwitchDisplayMode.swift */,
				9F2B1EC026077AF200D999CB /* NoImageAlert.swift */,
				9F1769F2262EE13A00E3FCA3 /* PreloadedMantrasDueToNoInternetConnection.swift */,
				9FFF85AF25EEAEB200131AA7 /* UndoAlert.swift */,
				9FCA5CB82593672D002E1D25 /* UpdatingAlert.swift */,
			);
			path = Alerts;
			sourceTree = "<group>";
		};
		9FE855B9258E51BF00771BA1 /* Frameworks */ = {
			isa = PBXGroup;
			children = (
				9F2715AF25B83D92002A98FD /* CloudKit.framework */,
				9FE855BA258E51BF00771BA1 /* WidgetKit.framework */,
				9FE855BC258E51BF00771BA1 /* SwiftUI.framework */,
			);
			name = Frameworks;
			sourceTree = "<group>";
		};
		9FE855BE258E51BF00771BA1 /* MantraWidget */ = {
			isa = PBXGroup;
			children = (
				9FE855C1258E51C300771BA1 /* Assets.xcassets */,
				9FE855C3258E51C300771BA1 /* Info.plist */,
				9FCA5CC92593BEAC002E1D25 /* Localizable.strings */,
				9FE855BF258E51BF00771BA1 /* MantraWidget.swift */,
				9F2B1EE226079C4300D999CB /* SmallWidgetView.swift */,
				9F2B1EED26079D3B00D999CB /* MediumWidgetView.swift */,
				9F2B1EF126079D7900D999CB /* LargeWidgetView.swift */,
			);
			path = MantraWidget;
			sourceTree = "<group>";
		};
		9FEB07F126CBA138005AD2E3 /* Managers */ = {
			isa = PBXGroup;
			children = (
				9F72DC2426CFC4DD00D96038 /* Protocols */,
				9FCA5CD4259F6936002E1D25 /* CoreDataManager.swift */,
				9FC558AF25D158D20015C3C4 /* MantraDataManager.swift */,
				9FEB07F226CBA183005AD2E3 /* MantraLaunchPreparer.swift */,
				9FE855AA258E4F1A00771BA1 /* MantraWidgetManager.swift */,
				9F7EAC1B25B9360400AEC901 /* NetworkMonitor.swift */,
			);
			path = Managers;
			sourceTree = "<group>";
		};
		9FFCF08626C19DC500984666 /* DetailsViewControllerState */ = {
			isa = PBXGroup;
			children = (
				9FFCF08726C1C1DF00984666 /* DetailsViewControllerState.swift */,
				9FFCF08926C1C26700984666 /* AddDetailsState.swift */,
				9FFCF08B26C1C27700984666 /* EditDetailsState.swift */,
				9FFCF08D26C1C28800984666 /* ViewDetailsState.swift */,
			);
			path = DetailsViewControllerState;
			sourceTree = "<group>";
		};
/* End PBXGroup section */

/* Begin PBXNativeTarget section */
		9F5FE67F24E7141400D0475E /* ReadTheMantra */ = {
			isa = PBXNativeTarget;
			buildConfigurationList = 9F5FE69724E7141700D0475E /* Build configuration list for PBXNativeTarget "ReadTheMantra" */;
			buildPhases = (
				9F5FE67C24E7141400D0475E /* Sources */,
				9F5FE67D24E7141400D0475E /* Frameworks */,
				9F5FE67E24E7141400D0475E /* Resources */,
				9FE855CA258E51C300771BA1 /* Embed App Extensions */,
			);
			buildRules = (
			);
			dependencies = (
				9FE855C5258E51C300771BA1 /* PBXTargetDependency */,
			);
			name = ReadTheMantra;
			packageProductDependencies = (
				9F5FE6B024E7994400D0475E /* IQKeyboardManagerSwift */,
			);
			productName = ReadTheMantra;
			productReference = 9F5FE68024E7141400D0475E /* MantraReader.app */;
			productType = "com.apple.product-type.application";
		};
		9FE855B7258E51BF00771BA1 /* FavoritesWidgetExtension */ = {
			isa = PBXNativeTarget;
			buildConfigurationList = 9FE855C7258E51C300771BA1 /* Build configuration list for PBXNativeTarget "FavoritesWidgetExtension" */;
			buildPhases = (
				9FE855B4258E51BF00771BA1 /* Sources */,
				9FE855B5258E51BF00771BA1 /* Frameworks */,
				9FE855B6258E51BF00771BA1 /* Resources */,
			);
			buildRules = (
			);
			dependencies = (
			);
			name = FavoritesWidgetExtension;
			productName = FavoritesWidgetExtension;
			productReference = 9FE855B8258E51BF00771BA1 /* FavoritesWidgetExtension.appex */;
			productType = "com.apple.product-type.app-extension";
		};
/* End PBXNativeTarget section */

/* Begin PBXProject section */
		9F5FE67824E7141300D0475E /* Project object */ = {
			isa = PBXProject;
			attributes = {
				LastSwiftUpdateCheck = 1230;
				LastUpgradeCheck = 1200;
				ORGANIZATIONNAME = "Александр Воробьев";
				TargetAttributes = {
					9F5FE67F24E7141400D0475E = {
						CreatedOnToolsVersion = 11.6;
					};
					9FE855B7258E51BF00771BA1 = {
						CreatedOnToolsVersion = 12.3;
					};
				};
			};
			buildConfigurationList = 9F5FE67B24E7141300D0475E /* Build configuration list for PBXProject "ReadTheMantra" */;
			compatibilityVersion = "Xcode 9.3";
			developmentRegion = en;
			hasScannedForEncodings = 0;
			knownRegions = (
				en,
				Base,
				ru,
			);
			mainGroup = 9F5FE67724E7141300D0475E;
			packageReferences = (
				9F5FE6AF24E7994400D0475E /* XCRemoteSwiftPackageReference "IQKeyboardManager" */,
			);
			productRefGroup = 9F5FE68124E7141400D0475E /* Products */;
			projectDirPath = "";
			projectRoot = "";
			targets = (
				9F5FE67F24E7141400D0475E /* ReadTheMantra */,
				9FE855B7258E51BF00771BA1 /* FavoritesWidgetExtension */,
			);
		};
/* End PBXProject section */

/* Begin PBXResourcesBuildPhase section */
		9F5FE67E24E7141400D0475E /* Resources */ = {
			isa = PBXResourcesBuildPhase;
			buildActionMask = 2147483647;
			files = (
				9F5FE6AB24E78EE400D0475E /* Localizable.strings in Resources */,
				9F5FE69024E7141700D0475E /* Assets.xcassets in Resources */,
				9F5FE68B24E7141400D0475E /* Main.storyboard in Resources */,
				9F5FE6B424E9262B00D0475E /* InfoPlist.strings in Resources */,
			);
			runOnlyForDeploymentPostprocessing = 0;
		};
		9FE855B6258E51BF00771BA1 /* Resources */ = {
			isa = PBXResourcesBuildPhase;
			buildActionMask = 2147483647;
			files = (
				9FE855C2258E51C300771BA1 /* Assets.xcassets in Resources */,
				9FCA5CCB2593BEC6002E1D25 /* Localizable.strings in Resources */,
			);
			runOnlyForDeploymentPostprocessing = 0;
		};
/* End PBXResourcesBuildPhase section */

/* Begin PBXSourcesBuildPhase section */
		9F5FE67C24E7141400D0475E /* Sources */ = {
			isa = PBXSourcesBuildPhase;
			buildActionMask = 2147483647;
			files = (
				9F7A5091253CB924008BFD6F /* UIFont+CustomDynamicFontWeight.swift in Sources */,
				9F3B62D2257CFFF800B4F5E4 /* OnboardingViewController.swift in Sources */,
				9F72DC2326CFC43200D96038 /* WidgetManager.swift in Sources */,
				9FCA5CBF25936F16002E1D25 /* CongratulationsAlert.swift in Sources */,
				9FE855B2258E4F9A00771BA1 /* MantraWidgetManager.swift in Sources */,
				9F2362F626D3C8BA00F11D80 /* DataBaseManager.swift in Sources */,
				9F293E3B2575503000B7B1C7 /* SetPhotoButton.swift in Sources */,
				9FE827FD261F960100CBDFF2 /* DuplicatingAlertForPreloadedMantras.swift in Sources */,
				9FCA5C8C259347A5002E1D25 /* DeleteConfirmationAlert.swift in Sources */,
				9F5FE6A524E7183E00D0475E /* PreloadedMantras.swift in Sources */,
				9FC9F49425CD1FF400B4D2B5 /* HeaderSupplementaryView.swift in Sources */,
				9FCA5CB125936668002E1D25 /* AdjustingType.swift in Sources */,
				9F72DC2626CFC6F500D96038 /* LaunchPreparer.swift in Sources */,
				9F5FE6BB24E9C8F300D0475E /* UIViewController+HideKeyboardWhenTappedAround.swift in Sources */,
				9FEB07F526CBA8A7005AD2E3 /* DataManager.swift in Sources */,
				9FEB07F326CBA183005AD2E3 /* MantraLaunchPreparer.swift in Sources */,
				9F5FE68424E7141400D0475E /* AppDelegate.swift in Sources */,
				9FA9E0F1262A2A2B000A408A /* Functions.swift in Sources */,
				9F5FE68E24E7141400D0475E /* ReadTheMantra.xcdatamodeld in Sources */,
				9FE828092626227B00CBDFF2 /* MantraViewController.swift in Sources */,
				9F5FE68624E7141400D0475E /* SceneDelegate.swift in Sources */,
				9FFCF08A26C1C26700984666 /* AddDetailsState.swift in Sources */,
				9FD06444262C804800F0054F /* PlaceholderLabelForEmptyView.swift in Sources */,
				9FE827F0261E36B100CBDFF2 /* PreloadedMantraController.swift in Sources */,
				9F0BDAF426BACB7B0079FE48 /* AlwaysOnDisplayState.swift in Sources */,
				9F2B1EC826077CC300D999CB /* AddTitleAlert.swift in Sources */,
				9FCA5CB92593672D002E1D25 /* UpdatingAlert.swift in Sources */,
				9F65C46025AB5BBE0037A8F7 /* UIVew+FixInputAssistant.swift in Sources */,
				9F1769FA262EECAE00E3FCA3 /* PreloadedMantrasDueToNoInternetConnection.swift in Sources */,
				9FA9E0F7262A2FF4000A408A /* HudView.swift in Sources */,
				9F3B62A72578E51E00B4F5E4 /* AdjustReadsButton.swift in Sources */,
				9FE855A5258E2B8000771BA1 /* WidgetModel.swift in Sources */,
				9F2B1EC126077AF200D999CB /* NoImageAlert.swift in Sources */,
				9FC3971925B14611002B1EE0 /* FirstSearchOnTheInternetAlert.swift in Sources */,
				9F3766112513C5B9007E6BED /* Int+FormattedNumber.swift in Sources */,
				9F08B660268B4C60008F20B1 /* DetailsView.swift in Sources */,
				9F3B62A32578E00D00B4F5E4 /* TextViewWithPlaceholder.swift in Sources */,
				9F35BCC92731B17A00EE1943 /* String+NumberValidation.swift in Sources */,
				9F0BDAF026BAC9DF0079FE48 /* ReadsCountViewControllerState.swift in Sources */,
				9F7A5096253DD439008BFD6F /* CopyableLabel.swift in Sources */,
				9F9299AF250818B6003D5029 /* Constants.swift in Sources */,
				9FCA5CB525936692002E1D25 /* Level.swift in Sources */,
				9FA05ED2270489FF00163DA1 /* ButtonStackView.swift in Sources */,
				9FA216D82733C6B1008AC6D7 /* AlertControllerFactory.swift in Sources */,
				9F0BDAF226BACA290079FE48 /* DisplaySystemBehaviorState.swift in Sources */,
				9F0BDAED26B2D8A30079FE48 /* FirstSwitchDisplayMode.swift in Sources */,
				9FFF85B725EEAF7F00131AA7 /* UndoAlert.swift in Sources */,
				9FCA5CD5259F6938002E1D25 /* CoreDataManager.swift in Sources */,
				9FFCF08826C1C1E000984666 /* DetailsViewControllerState.swift in Sources */,
				9FCA5C93259349EC002E1D25 /* DuplicatingAlert.swift in Sources */,
				9F5FE69D24E717A200D0475E /* DetailsViewController.swift in Sources */,
				9FFCF08C26C1C27700984666 /* EditDetailsState.swift in Sources */,
				9FEB07F026CA5D3A005AD2E3 /* MantraDetailsButtonsHandler.swift in Sources */,
				9F22713A26348AA2001F92BD /* UIImage+ResizeUIImage.swift in Sources */,
				9F08B662268B4C75008F20B1 /* ReadsCountView.swift in Sources */,
				9F08B65E268B4A1E008F20B1 /* OnboardingView.swift in Sources */,
				9FA2171F273BA25E008AC6D7 /* NotNegativePropertyWrapper.swift in Sources */,
				9FFCF08E26C1C28800984666 /* ViewDetailsState.swift in Sources */,
				9FC558B025D158D30015C3C4 /* MantraDataManager.swift in Sources */,
				9F5FE6A624E7183E00D0475E /* DetailsMode.swift in Sources */,
				9F22713F26348E4A001F92BD /* UIImage+CropToCircleUIImage.swift in Sources */,
				9F6503D8256651680055ED8F /* ConfettiView.swift in Sources */,
				9FF812AF272966FD00DEC7F7 /* DataStore.swift in Sources */,
				9F0ABF3825EA22E400742A36 /* MantraCell.swift in Sources */,
				9FA97A392570177B005C9078 /* ReadsCountViewController.swift in Sources */,
				9F75828525821EED00695ED7 /* UIStackView+RoundedStackView.swift in Sources */,
				9FB47BEF250BF23C001955F5 /* CircularProgressView.swift in Sources */,
				9FC0B81525D9828100EDA40E /* BlurEffectView.swift in Sources */,
				9F3B1C032538F50200BEE838 /* UIFont+RoundedSystemFont.swift in Sources */,
				9FE827D72613C0AC00CBDFF2 /* CancelOrCloseMantraAlert.swift in Sources */,
				9FD06450262E13A500F0054F /* ActivityIndicatorViewWithText.swift in Sources */,
				9F72DC2826CFC7C600D96038 /* DetailsButtonsHandler.swift in Sources */,
				9F7EAC1C25B9360400AEC901 /* NetworkMonitor.swift in Sources */,
				9F91804725BB48F20016FEB6 /* UIDevice+ModelDetection.swift in Sources */,
			);
			runOnlyForDeploymentPostprocessing = 0;
		};
		9FE855B4258E51BF00771BA1 /* Sources */ = {
			isa = PBXSourcesBuildPhase;
			buildActionMask = 2147483647;
			files = (
				9FCA5C52258E52D4002E1D25 /* WidgetModel.swift in Sources */,
				9FE855C0258E51BF00771BA1 /* MantraWidget.swift in Sources */,
				9FCA5C7A2591C0EE002E1D25 /* Int+FormattedNumber.swift in Sources */,
				9F2B1EF226079D7900D999CB /* LargeWidgetView.swift in Sources */,
				9F2B1EEE26079D3B00D999CB /* MediumWidgetView.swift in Sources */,
				9F2B1EEA26079CF100D999CB /* SmallWidgetView.swift in Sources */,
				9FCA5C6625907124002E1D25 /* UIFont+CustomDynamicFontWeight.swift in Sources */,
				9FE827C0260E747600CBDFF2 /* Constants.swift in Sources */,
			);
			runOnlyForDeploymentPostprocessing = 0;
		};
/* End PBXSourcesBuildPhase section */

/* Begin PBXTargetDependency section */
		9FE855C5258E51C300771BA1 /* PBXTargetDependency */ = {
			isa = PBXTargetDependency;
			target = 9FE855B7258E51BF00771BA1 /* FavoritesWidgetExtension */;
			targetProxy = 9FE855C4258E51C300771BA1 /* PBXContainerItemProxy */;
		};
/* End PBXTargetDependency section */

/* Begin PBXVariantGroup section */
		9F5FE68924E7141400D0475E /* Main.storyboard */ = {
			isa = PBXVariantGroup;
			children = (
				9F5FE68A24E7141400D0475E /* Base */,
			);
			name = Main.storyboard;
			sourceTree = "<group>";
		};
		9F5FE6AD24E78EE400D0475E /* Localizable.strings */ = {
			isa = PBXVariantGroup;
			children = (
				9F5FE6AC24E78EE400D0475E /* ru */,
			);
			name = Localizable.strings;
			sourceTree = "<group>";
		};
		9F5FE6B624E9262B00D0475E /* InfoPlist.strings */ = {
			isa = PBXVariantGroup;
			children = (
				9F5FE6B524E9262B00D0475E /* ru */,
				9F4B47F62530C4B300E7FF4B /* en */,
			);
			name = InfoPlist.strings;
			sourceTree = "<group>";
		};
		9FCA5CC92593BEAC002E1D25 /* Localizable.strings */ = {
			isa = PBXVariantGroup;
			children = (
				9FCA5CCA2593BEAC002E1D25 /* ru */,
				9F65C45625AA20A00037A8F7 /* en */,
			);
			name = Localizable.strings;
			sourceTree = "<group>";
		};
/* End PBXVariantGroup section */

/* Begin XCBuildConfiguration section */
		9F5FE69524E7141700D0475E /* Debug */ = {
			isa = XCBuildConfiguration;
			buildSettings = {
				ALWAYS_SEARCH_USER_PATHS = NO;
				BUILD_LIBRARY_FOR_DISTRIBUTION = NO;
				CLANG_ANALYZER_LOCALIZABILITY_NONLOCALIZED = YES;
				CLANG_ANALYZER_NONNULL = YES;
				CLANG_ANALYZER_NUMBER_OBJECT_CONVERSION = YES_AGGRESSIVE;
				CLANG_CXX_LANGUAGE_STANDARD = "gnu++14";
				CLANG_CXX_LIBRARY = "libc++";
				CLANG_ENABLE_MODULES = YES;
				CLANG_ENABLE_OBJC_ARC = YES;
				CLANG_ENABLE_OBJC_WEAK = YES;
				CLANG_WARN_BLOCK_CAPTURE_AUTORELEASING = YES;
				CLANG_WARN_BOOL_CONVERSION = YES;
				CLANG_WARN_COMMA = YES;
				CLANG_WARN_CONSTANT_CONVERSION = YES;
				CLANG_WARN_DEPRECATED_OBJC_IMPLEMENTATIONS = YES;
				CLANG_WARN_DIRECT_OBJC_ISA_USAGE = YES_ERROR;
				CLANG_WARN_DOCUMENTATION_COMMENTS = YES;
				CLANG_WARN_EMPTY_BODY = YES;
				CLANG_WARN_ENUM_CONVERSION = YES;
				CLANG_WARN_INFINITE_RECURSION = YES;
				CLANG_WARN_INT_CONVERSION = YES;
				CLANG_WARN_NON_LITERAL_NULL_CONVERSION = YES;
				CLANG_WARN_OBJC_IMPLICIT_RETAIN_SELF = YES;
				CLANG_WARN_OBJC_LITERAL_CONVERSION = YES;
				CLANG_WARN_OBJC_ROOT_CLASS = YES_ERROR;
				CLANG_WARN_QUOTED_INCLUDE_IN_FRAMEWORK_HEADER = YES;
				CLANG_WARN_RANGE_LOOP_ANALYSIS = YES;
				CLANG_WARN_STRICT_PROTOTYPES = YES;
				CLANG_WARN_SUSPICIOUS_MOVE = YES;
				CLANG_WARN_UNGUARDED_AVAILABILITY = YES_AGGRESSIVE;
				CLANG_WARN_UNREACHABLE_CODE = YES;
				CLANG_WARN__DUPLICATE_METHOD_MATCH = YES;
				COPY_PHASE_STRIP = NO;
				DEBUG_INFORMATION_FORMAT = dwarf;
				ENABLE_STRICT_OBJC_MSGSEND = YES;
				ENABLE_TESTABILITY = YES;
				GCC_C_LANGUAGE_STANDARD = gnu11;
				GCC_DYNAMIC_NO_PIC = NO;
				GCC_NO_COMMON_BLOCKS = YES;
				GCC_OPTIMIZATION_LEVEL = 0;
				GCC_PREPROCESSOR_DEFINITIONS = (
					"DEBUG=1",
					"$(inherited)",
				);
				GCC_WARN_64_TO_32_BIT_CONVERSION = YES;
				GCC_WARN_ABOUT_RETURN_TYPE = YES_ERROR;
				GCC_WARN_UNDECLARED_SELECTOR = YES;
				GCC_WARN_UNINITIALIZED_AUTOS = YES_AGGRESSIVE;
				GCC_WARN_UNUSED_FUNCTION = YES;
				GCC_WARN_UNUSED_VARIABLE = YES;
				IPHONEOS_DEPLOYMENT_TARGET = 14.0;
				MTL_ENABLE_DEBUG_INFO = INCLUDE_SOURCE;
				MTL_FAST_MATH = YES;
				ONLY_ACTIVE_ARCH = YES;
				SDKROOT = iphoneos;
				SWIFT_ACTIVE_COMPILATION_CONDITIONS = DEBUG;
				SWIFT_OPTIMIZATION_LEVEL = "-Onone";
			};
			name = Debug;
		};
		9F5FE69624E7141700D0475E /* Release */ = {
			isa = XCBuildConfiguration;
			buildSettings = {
				ALWAYS_SEARCH_USER_PATHS = NO;
				BUILD_LIBRARY_FOR_DISTRIBUTION = NO;
				CLANG_ANALYZER_LOCALIZABILITY_NONLOCALIZED = YES;
				CLANG_ANALYZER_NONNULL = YES;
				CLANG_ANALYZER_NUMBER_OBJECT_CONVERSION = YES_AGGRESSIVE;
				CLANG_CXX_LANGUAGE_STANDARD = "gnu++14";
				CLANG_CXX_LIBRARY = "libc++";
				CLANG_ENABLE_MODULES = YES;
				CLANG_ENABLE_OBJC_ARC = YES;
				CLANG_ENABLE_OBJC_WEAK = YES;
				CLANG_WARN_BLOCK_CAPTURE_AUTORELEASING = YES;
				CLANG_WARN_BOOL_CONVERSION = YES;
				CLANG_WARN_COMMA = YES;
				CLANG_WARN_CONSTANT_CONVERSION = YES;
				CLANG_WARN_DEPRECATED_OBJC_IMPLEMENTATIONS = YES;
				CLANG_WARN_DIRECT_OBJC_ISA_USAGE = YES_ERROR;
				CLANG_WARN_DOCUMENTATION_COMMENTS = YES;
				CLANG_WARN_EMPTY_BODY = YES;
				CLANG_WARN_ENUM_CONVERSION = YES;
				CLANG_WARN_INFINITE_RECURSION = YES;
				CLANG_WARN_INT_CONVERSION = YES;
				CLANG_WARN_NON_LITERAL_NULL_CONVERSION = YES;
				CLANG_WARN_OBJC_IMPLICIT_RETAIN_SELF = YES;
				CLANG_WARN_OBJC_LITERAL_CONVERSION = YES;
				CLANG_WARN_OBJC_ROOT_CLASS = YES_ERROR;
				CLANG_WARN_QUOTED_INCLUDE_IN_FRAMEWORK_HEADER = YES;
				CLANG_WARN_RANGE_LOOP_ANALYSIS = YES;
				CLANG_WARN_STRICT_PROTOTYPES = YES;
				CLANG_WARN_SUSPICIOUS_MOVE = YES;
				CLANG_WARN_UNGUARDED_AVAILABILITY = YES_AGGRESSIVE;
				CLANG_WARN_UNREACHABLE_CODE = YES;
				CLANG_WARN__DUPLICATE_METHOD_MATCH = YES;
				COPY_PHASE_STRIP = NO;
				DEBUG_INFORMATION_FORMAT = "dwarf-with-dsym";
				ENABLE_NS_ASSERTIONS = NO;
				ENABLE_STRICT_OBJC_MSGSEND = YES;
				GCC_C_LANGUAGE_STANDARD = gnu11;
				GCC_NO_COMMON_BLOCKS = YES;
				GCC_WARN_64_TO_32_BIT_CONVERSION = YES;
				GCC_WARN_ABOUT_RETURN_TYPE = YES_ERROR;
				GCC_WARN_UNDECLARED_SELECTOR = YES;
				GCC_WARN_UNINITIALIZED_AUTOS = YES_AGGRESSIVE;
				GCC_WARN_UNUSED_FUNCTION = YES;
				GCC_WARN_UNUSED_VARIABLE = YES;
				IPHONEOS_DEPLOYMENT_TARGET = 14.0;
				MTL_ENABLE_DEBUG_INFO = NO;
				MTL_FAST_MATH = YES;
				SDKROOT = iphoneos;
				SWIFT_COMPILATION_MODE = wholemodule;
				SWIFT_OPTIMIZATION_LEVEL = "-O";
				VALIDATE_PRODUCT = YES;
			};
			name = Release;
		};
		9F5FE69824E7141700D0475E /* Debug */ = {
			isa = XCBuildConfiguration;
			buildSettings = {
				ALWAYS_EMBED_SWIFT_STANDARD_LIBRARIES = YES;
				ASSETCATALOG_COMPILER_APPICON_NAME = AppIcon;
				ASSETCATALOG_COMPILER_GLOBAL_ACCENT_COLOR_NAME = AccentColor;
				CODE_SIGN_ENTITLEMENTS = ReadTheMantra/MantraCounter.entitlements;
				CODE_SIGN_STYLE = Automatic;
				CURRENT_PROJECT_VERSION = 1;
				DEVELOPMENT_TEAM = R89YUVSKU6;
				INFOPLIST_FILE = ReadTheMantra/SupportingFiles/Info.plist;
				LD_RUNPATH_SEARCH_PATHS = (
					"$(inherited)",
					"@executable_path/Frameworks",
				);
				MARKETING_VERSION = 1.7.1;
				PRODUCT_BUNDLE_IDENTIFIER = com.mosariot.MantraCounter;
				PRODUCT_NAME = MantraReader;
				SWIFT_VERSION = 5.0;
				TARGETED_DEVICE_FAMILY = "1,2";
			};
			name = Debug;
		};
		9F5FE69924E7141700D0475E /* Release */ = {
			isa = XCBuildConfiguration;
			buildSettings = {
				ALWAYS_EMBED_SWIFT_STANDARD_LIBRARIES = YES;
				ASSETCATALOG_COMPILER_APPICON_NAME = AppIcon;
				ASSETCATALOG_COMPILER_GLOBAL_ACCENT_COLOR_NAME = AccentColor;
				CODE_SIGN_ENTITLEMENTS = ReadTheMantra/MantraCounter.entitlements;
				CODE_SIGN_STYLE = Automatic;
				CURRENT_PROJECT_VERSION = 1;
				DEVELOPMENT_TEAM = R89YUVSKU6;
				INFOPLIST_FILE = ReadTheMantra/SupportingFiles/Info.plist;
				LD_RUNPATH_SEARCH_PATHS = (
					"$(inherited)",
					"@executable_path/Frameworks",
				);
				MARKETING_VERSION = 1.7.1;
				PRODUCT_BUNDLE_IDENTIFIER = com.mosariot.MantraCounter;
				PRODUCT_NAME = MantraReader;
				SWIFT_VERSION = 5.0;
				TARGETED_DEVICE_FAMILY = "1,2";
			};
			name = Release;
		};
		9FE855C8258E51C300771BA1 /* Debug */ = {
			isa = XCBuildConfiguration;
			buildSettings = {
				ASSETCATALOG_COMPILER_GLOBAL_ACCENT_COLOR_NAME = AccentColor;
				ASSETCATALOG_COMPILER_WIDGET_BACKGROUND_COLOR_NAME = WidgetBackground;
				CODE_SIGN_ENTITLEMENTS = FavoritesWidgetExtension.entitlements;
				CODE_SIGN_STYLE = Automatic;
				CURRENT_PROJECT_VERSION = 1;
				DEVELOPMENT_TEAM = R89YUVSKU6;
				INFOPLIST_FILE = MantraWidget/Info.plist;
				IPHONEOS_DEPLOYMENT_TARGET = 14.0;
				LD_RUNPATH_SEARCH_PATHS = (
					"$(inherited)",
					"@executable_path/Frameworks",
					"@executable_path/../../Frameworks",
				);
				MARKETING_VERSION = 1.7.1;
				PRODUCT_BUNDLE_IDENTIFIER = com.mosariot.MantraCounter.FavoritesWidget;
				PRODUCT_NAME = "$(TARGET_NAME)";
				SKIP_INSTALL = YES;
				SWIFT_VERSION = 5.0;
				TARGETED_DEVICE_FAMILY = "1,2";
			};
			name = Debug;
		};
		9FE855C9258E51C300771BA1 /* Release */ = {
			isa = XCBuildConfiguration;
			buildSettings = {
				ASSETCATALOG_COMPILER_GLOBAL_ACCENT_COLOR_NAME = AccentColor;
				ASSETCATALOG_COMPILER_WIDGET_BACKGROUND_COLOR_NAME = WidgetBackground;
				CODE_SIGN_ENTITLEMENTS = FavoritesWidgetExtension.entitlements;
				CODE_SIGN_STYLE = Automatic;
				CURRENT_PROJECT_VERSION = 1;
				DEVELOPMENT_TEAM = R89YUVSKU6;
				INFOPLIST_FILE = MantraWidget/Info.plist;
				IPHONEOS_DEPLOYMENT_TARGET = 14.0;
				LD_RUNPATH_SEARCH_PATHS = (
					"$(inherited)",
					"@executable_path/Frameworks",
					"@executable_path/../../Frameworks",
				);
				MARKETING_VERSION = 1.7.1;
				PRODUCT_BUNDLE_IDENTIFIER = com.mosariot.MantraCounter.FavoritesWidget;
				PRODUCT_NAME = "$(TARGET_NAME)";
				SKIP_INSTALL = YES;
				SWIFT_VERSION = 5.0;
				TARGETED_DEVICE_FAMILY = "1,2";
			};
			name = Release;
		};
/* End XCBuildConfiguration section */

/* Begin XCConfigurationList section */
		9F5FE67B24E7141300D0475E /* Build configuration list for PBXProject "ReadTheMantra" */ = {
			isa = XCConfigurationList;
			buildConfigurations = (
				9F5FE69524E7141700D0475E /* Debug */,
				9F5FE69624E7141700D0475E /* Release */,
			);
			defaultConfigurationIsVisible = 0;
			defaultConfigurationName = Release;
		};
		9F5FE69724E7141700D0475E /* Build configuration list for PBXNativeTarget "ReadTheMantra" */ = {
			isa = XCConfigurationList;
			buildConfigurations = (
				9F5FE69824E7141700D0475E /* Debug */,
				9F5FE69924E7141700D0475E /* Release */,
			);
			defaultConfigurationIsVisible = 0;
			defaultConfigurationName = Release;
		};
		9FE855C7258E51C300771BA1 /* Build configuration list for PBXNativeTarget "FavoritesWidgetExtension" */ = {
			isa = XCConfigurationList;
			buildConfigurations = (
				9FE855C8258E51C300771BA1 /* Debug */,
				9FE855C9258E51C300771BA1 /* Release */,
			);
			defaultConfigurationIsVisible = 0;
			defaultConfigurationName = Release;
		};
/* End XCConfigurationList section */

/* Begin XCRemoteSwiftPackageReference section */
		9F5FE6AF24E7994400D0475E /* XCRemoteSwiftPackageReference "IQKeyboardManager" */ = {
			isa = XCRemoteSwiftPackageReference;
			repositoryURL = "https://github.com/hackiftekhar/IQKeyboardManager.git";
			requirement = {
				kind = upToNextMajorVersion;
				minimumVersion = 6.5.6;
			};
		};
/* End XCRemoteSwiftPackageReference section */

/* Begin XCSwiftPackageProductDependency section */
		9F5FE6B024E7994400D0475E /* IQKeyboardManagerSwift */ = {
			isa = XCSwiftPackageProductDependency;
			package = 9F5FE6AF24E7994400D0475E /* XCRemoteSwiftPackageReference "IQKeyboardManager" */;
			productName = IQKeyboardManagerSwift;
		};
/* End XCSwiftPackageProductDependency section */

/* Begin XCVersionGroup section */
		9F5FE68C24E7141400D0475E /* ReadTheMantra.xcdatamodeld */ = {
			isa = XCVersionGroup;
			children = (
				9F5FE68D24E7141400D0475E /* ReadTheMantra.xcdatamodel */,
			);
			currentVersion = 9F5FE68D24E7141400D0475E /* ReadTheMantra.xcdatamodel */;
			path = ReadTheMantra.xcdatamodeld;
			sourceTree = "<group>";
			versionGroupType = wrapper.xcdatamodel;
		};
/* End XCVersionGroup section */
	};
	rootObject = 9F5FE67824E7141300D0475E /* Project object */;
}
